
Microsoft Visual Studio Solution File, Format Version 12.00
# Visual Studio Version 16
VisualStudioVersion = 16.0.31112.23
MinimumVisualStudioVersion = 10.0.40219.1
Project("{FAE04EC0-301F-11D3-BF4B-00C04F79EFBC}") = "RestaurantRaterRB", "RestaurantRaterRB\RestaurantRaterRB.csproj", "{FAFD8960-83DD-43F8-BCA5-4A0B747054FA}"
EndProject
Global
	GlobalSection(SolutionConfigurationPlatforms) = preSolution
		Debug|Any CPU = Debug|Any CPU
		Release|Any CPU = Release|Any CPU
	EndGlobalSection
	GlobalSection(ProjectConfigurationPlatforms) = postSolution
		{FAFD8960-83DD-43F8-BCA5-4A0B747054FA}.Debug|Any CPU.ActiveCfg = Debug|Any CPU
		{FAFD8960-83DD-43F8-BCA5-4A0B747054FA}.Debug|Any CPU.Build.0 = Debug|Any CPU
		{FAFD8960-83DD-43F8-BCA5-4A0B747054FA}.Release|Any CPU.ActiveCfg = Release|Any CPU
		{FAFD8960-83DD-43F8-BCA5-4A0B747054FA}.Release|Any CPU.Build.0 = Release|Any CPU
	EndGlobalSection
	GlobalSection(SolutionProperties) = preSolution
		HideSolutionNode = FALSE
	EndGlobalSection
	GlobalSection(ExtensibilityGlobals) = postSolution
		SolutionGuid = {333A40B9-9261-479D-9E3E-317CEF8EA12D}
	EndGlobalSection
EndGlobal
